
Microsoft Visual Studio Solution File, Format Version 12.00
# Visual Studio 14
VisualStudioVersion = 14.0.25123.0
MinimumVisualStudioVersion = 10.0.40219.1
Project("{FAE04EC0-301F-11D3-BF4B-00C04F79EFBC}") = "PIApp.Droid", "PIApp\PIApp.Droid\PIApp.Droid.csproj", "{23A68AF2-0E72-4386-BD3D-25A7BAFEAA1C}"
EndProject
Project("{FAE04EC0-301F-11D3-BF4B-00C04F79EFBC}") = "PIApp.iOS", "PIApp\PIApp.iOS\PIApp.iOS.csproj", "{739E3E8E-EE52-43CB-8368-53FAE23A2F51}"
EndProject
Project("{FAE04EC0-301F-11D3-BF4B-00C04F79EFBC}") = "PIApp.WinPhone", "PIApp\PIApp.WinPhone\PIApp.WinPhone.csproj", "{AA5E5D06-88C6-400B-AEE4-D2E467288E6F}"
EndProject
Project("{D954291E-2A0B-460D-934E-DC6B0785DB48}") = "PIApp", "PIApp\PIApp\PIApp.shproj", "{A38BBF56-B771-4E96-B382-1355CADEB50A}"
EndProject
Global
	GlobalSection(SharedMSBuildProjectFiles) = preSolution
		PIApp\PIApp\PIApp.projitems*{739e3e8e-ee52-43cb-8368-53fae23a2f51}*SharedItemsImports = 4
		PIApp\PIApp\PIApp.projitems*{aa5e5d06-88c6-400b-aee4-d2e467288e6f}*SharedItemsImports = 4
		PIApp\PIApp\PIApp.projitems*{a38bbf56-b771-4e96-b382-1355cadeb50a}*SharedItemsImports = 13
		PIApp\PIApp\PIApp.projitems*{23a68af2-0e72-4386-bd3d-25a7bafeaa1c}*SharedItemsImports = 4
	EndGlobalSection
	GlobalSection(SolutionConfigurationPlatforms) = preSolution
		AppStore|Any CPU = AppStore|Any CPU
		AppStore|ARM = AppStore|ARM
		AppStore|iPhone = AppStore|iPhone
		AppStore|iPhoneSimulator = AppStore|iPhoneSimulator
		AppStore|x86 = AppStore|x86
		Debug|Any CPU = Debug|Any CPU
		Debug|ARM = Debug|ARM
		Debug|iPhone = Debug|iPhone
		Debug|iPhoneSimulator = Debug|iPhoneSimulator
		Debug|x86 = Debug|x86
		Release|Any CPU = Release|Any CPU
		Release|ARM = Release|ARM
		Release|iPhone = Release|iPhone
		Release|iPhoneSimulator = Release|iPhoneSimulator
		Release|x86 = Release|x86
	EndGlobalSection
	GlobalSection(ProjectConfigurationPlatforms) = postSolution
		{23A68AF2-0E72-4386-BD3D-25A7BAFEAA1C}.AppStore|Any CPU.ActiveCfg = Release|Any CPU
		{23A68AF2-0E72-4386-BD3D-25A7BAFEAA1C}.AppStore|Any CPU.Build.0 = Release|Any CPU
		{23A68AF2-0E72-4386-BD3D-25A7BAFEAA1C}.AppStore|Any CPU.Deploy.0 = Release|Any CPU
		{23A68AF2-0E72-4386-BD3D-25A7BAFEAA1C}.AppStore|ARM.ActiveCfg = Release|Any CPU
		{23A68AF2-0E72-4386-BD3D-25A7BAFEAA1C}.AppStore|ARM.Build.0 = Release|Any CPU
		{23A68AF2-0E72-4386-BD3D-25A7BAFEAA1C}.AppStore|ARM.Deploy.0 = Release|Any CPU
		{23A68AF2-0E72-4386-BD3D-25A7BAFEAA1C}.AppStore|iPhone.ActiveCfg = Release|Any CPU
		{23A68AF2-0E72-4386-BD3D-25A7BAFEAA1C}.AppStore|iPhone.Build.0 = Release|Any CPU
		{23A68AF2-0E72-4386-BD3D-25A7BAFEAA1C}.AppStore|iPhone.Deploy.0 = Release|Any CPU
		{23A68AF2-0E72-4386-BD3D-25A7BAFEAA1C}.AppStore|iPhoneSimulator.ActiveCfg = Release|Any CPU
		{23A68AF2-0E72-4386-BD3D-25A7BAFEAA1C}.AppStore|iPhoneSimulator.Build.0 = Release|Any CPU
		{23A68AF2-0E72-4386-BD3D-25A7BAFEAA1C}.AppStore|iPhoneSimulator.Deploy.0 = Release|Any CPU
		{23A68AF2-0E72-4386-BD3D-25A7BAFEAA1C}.AppStore|x86.ActiveCfg = Release|Any CPU
		{23A68AF2-0E72-4386-BD3D-25A7BAFEAA1C}.AppStore|x86.Build.0 = Release|Any CPU
		{23A68AF2-0E72-4386-BD3D-25A7BAFEAA1C}.AppStore|x86.Deploy.0 = Release|Any CPU
		{23A68AF2-0E72-4386-BD3D-25A7BAFEAA1C}.Debug|Any CPU.ActiveCfg = Debug|Any CPU
		{23A68AF2-0E72-4386-BD3D-25A7BAFEAA1C}.Debug|Any CPU.Build.0 = Debug|Any CPU
		{23A68AF2-0E72-4386-BD3D-25A7BAFEAA1C}.Debug|Any CPU.Deploy.0 = Debug|Any CPU
		{23A68AF2-0E72-4386-BD3D-25A7BAFEAA1C}.Debug|ARM.ActiveCfg = Debug|Any CPU
		{23A68AF2-0E72-4386-BD3D-25A7BAFEAA1C}.Debug|ARM.Build.0 = Debug|Any CPU
		{23A68AF2-0E72-4386-BD3D-25A7BAFEAA1C}.Debug|ARM.Deploy.0 = Debug|Any CPU
		{23A68AF2-0E72-4386-BD3D-25A7BAFEAA1C}.Debug|iPhone.ActiveCfg = Debug|Any CPU
		{23A68AF2-0E72-4386-BD3D-25A7BAFEAA1C}.Debug|iPhone.Build.0 = Debug|Any CPU
		{23A68AF2-0E72-4386-BD3D-25A7BAFEAA1C}.Debug|iPhone.Deploy.0 = Debug|Any CPU
		{23A68AF2-0E72-4386-BD3D-25A7BAFEAA1C}.Debug|iPhoneSimulator.ActiveCfg = Debug|Any CPU
		{23A68AF2-0E72-4386-BD3D-25A7BAFEAA1C}.Debug|iPhoneSimulator.Build.0 = Debug|Any CPU
		{23A68AF2-0E72-4386-BD3D-25A7BAFEAA1C}.Debug|iPhoneSimulator.Deploy.0 = Debug|Any CPU
		{23A68AF2-0E72-4386-BD3D-25A7BAFEAA1C}.Debug|x86.ActiveCfg = Debug|Any CPU
		{23A68AF2-0E72-4386-BD3D-25A7BAFEAA1C}.Debug|x86.Build.0 = Debug|Any CPU
		{23A68AF2-0E72-4386-BD3D-25A7BAFEAA1C}.Debug|x86.Deploy.0 = Debug|Any CPU
		{23A68AF2-0E72-4386-BD3D-25A7BAFEAA1C}.Release|Any CPU.ActiveCfg = Release|Any CPU
		{23A68AF2-0E72-4386-BD3D-25A7BAFEAA1C}.Release|Any CPU.Build.0 = Release|Any CPU
		{23A68AF2-0E72-4386-BD3D-25A7BAFEAA1C}.Release|Any CPU.Deploy.0 = Release|Any CPU
		{23A68AF2-0E72-4386-BD3D-25A7BAFEAA1C}.Release|ARM.ActiveCfg = Release|Any CPU
		{23A68AF2-0E72-4386-BD3D-25A7BAFEAA1C}.Release|ARM.Build.0 = Release|Any CPU
		{23A68AF2-0E72-4386-BD3D-25A7BAFEAA1C}.Release|ARM.Deploy.0 = Release|Any CPU
		{23A68AF2-0E72-4386-BD3D-25A7BAFEAA1C}.Release|iPhone.ActiveCfg = Release|Any CPU
		{23A68AF2-0E72-4386-BD3D-25A7BAFEAA1C}.Release|iPhone.Build.0 = Release|Any CPU
		{23A68AF2-0E72-4386-BD3D-25A7BAFEAA1C}.Release|iPhone.Deploy.0 = Release|Any CPU
		{23A68AF2-0E72-4386-BD3D-25A7BAFEAA1C}.Release|iPhoneSimulator.ActiveCfg = Release|Any CPU
		{23A68AF2-0E72-4386-BD3D-25A7BAFEAA1C}.Release|iPhoneSimulator.Build.0 = Release|Any CPU
		{23A68AF2-0E72-4386-BD3D-25A7BAFEAA1C}.Release|iPhoneSimulator.Deploy.0 = Release|Any CPU
		{23A68AF2-0E72-4386-BD3D-25A7BAFEAA1C}.Release|x86.ActiveCfg = Release|Any CPU
		{23A68AF2-0E72-4386-BD3D-25A7BAFEAA1C}.Release|x86.Build.0 = Release|Any CPU
		{23A68AF2-0E72-4386-BD3D-25A7BAFEAA1C}.Release|x86.Deploy.0 = Release|Any CPU
		{739E3E8E-EE52-43CB-8368-53FAE23A2F51}.AppStore|Any CPU.ActiveCfg = AppStore|iPhone
		{739E3E8E-EE52-43CB-8368-53FAE23A2F51}.AppStore|ARM.ActiveCfg = AppStore|iPhone
		{739E3E8E-EE52-43CB-8368-53FAE23A2F51}.AppStore|iPhone.ActiveCfg = AppStore|iPhone
		{739E3E8E-EE52-43CB-8368-53FAE23A2F51}.AppStore|iPhone.Build.0 = AppStore|iPhone
		{739E3E8E-EE52-43CB-8368-53FAE23A2F51}.AppStore|iPhoneSimulator.ActiveCfg = AppStore|iPhoneSimulator
		{739E3E8E-EE52-43CB-8368-53FAE23A2F51}.AppStore|iPhoneSimulator.Build.0 = AppStore|iPhoneSimulator
		{739E3E8E-EE52-43CB-8368-53FAE23A2F51}.AppStore|x86.ActiveCfg = AppStore|iPhone
		{739E3E8E-EE52-43CB-8368-53FAE23A2F51}.Debug|Any CPU.ActiveCfg = Debug|iPhone
		{739E3E8E-EE52-43CB-8368-53FAE23A2F51}.Debug|ARM.ActiveCfg = Debug|iPhone
		{739E3E8E-EE52-43CB-8368-53FAE23A2F51}.Debug|iPhone.ActiveCfg = Debug|iPhone
		{739E3E8E-EE52-43CB-8368-53FAE23A2F51}.Debug|iPhone.Build.0 = Debug|iPhone
		{739E3E8E-EE52-43CB-8368-53FAE23A2F51}.Debug|iPhoneSimulator.ActiveCfg = Debug|iPhoneSimulator
		{739E3E8E-EE52-43CB-8368-53FAE23A2F51}.Debug|iPhoneSimulator.Build.0 = Debug|iPhoneSimulator
		{739E3E8E-EE52-43CB-8368-53FAE23A2F51}.Debug|x86.ActiveCfg = Debug|iPhone
		{739E3E8E-EE52-43CB-8368-53FAE23A2F51}.Release|Any CPU.ActiveCfg = Release|iPhone
		{739E3E8E-EE52-43CB-8368-53FAE23A2F51}.Release|ARM.ActiveCfg = Release|iPhone
		{739E3E8E-EE52-43CB-8368-53FAE23A2F51}.Release|iPhone.ActiveCfg = Release|iPhone
		{739E3E8E-EE52-43CB-8368-53FAE23A2F51}.Release|iPhone.Build.0 = Release|iPhone
		{739E3E8E-EE52-43CB-8368-53FAE23A2F51}.Release|iPhoneSimulator.ActiveCfg = Release|iPhoneSimulator
		{739E3E8E-EE52-43CB-8368-53FAE23A2F51}.Release|iPhoneSimulator.Build.0 = Release|iPhoneSimulator
		{739E3E8E-EE52-43CB-8368-53FAE23A2F51}.Release|x86.ActiveCfg = Release|iPhone
		{AA5E5D06-88C6-400B-AEE4-D2E467288E6F}.AppStore|Any CPU.ActiveCfg = Release|Any CPU
		{AA5E5D06-88C6-400B-AEE4-D2E467288E6F}.AppStore|Any CPU.Build.0 = Release|Any CPU
		{AA5E5D06-88C6-400B-AEE4-D2E467288E6F}.AppStore|Any CPU.Deploy.0 = Release|Any CPU
		{AA5E5D06-88C6-400B-AEE4-D2E467288E6F}.AppStore|ARM.ActiveCfg = Release|ARM
		{AA5E5D06-88C6-400B-AEE4-D2E467288E6F}.AppStore|ARM.Build.0 = Release|ARM
		{AA5E5D06-88C6-400B-AEE4-D2E467288E6F}.AppStore|ARM.Deploy.0 = Release|ARM
		{AA5E5D06-88C6-400B-AEE4-D2E467288E6F}.AppStore|iPhone.ActiveCfg = Release|Any CPU
		{AA5E5D06-88C6-400B-AEE4-D2E467288E6F}.AppStore|iPhone.Build.0 = Release|Any CPU
		{AA5E5D06-88C6-400B-AEE4-D2E467288E6F}.AppStore|iPhone.Deploy.0 = Release|Any CPU
		{AA5E5D06-88C6-400B-AEE4-D2E467288E6F}.AppStore|iPhoneSimulator.ActiveCfg = Release|Any CPU
		{AA5E5D06-88C6-400B-AEE4-D2E467288E6F}.AppStore|iPhoneSimulator.Build.0 = Release|Any CPU
		{AA5E5D06-88C6-400B-AEE4-D2E467288E6F}.AppStore|iPhoneSimulator.Deploy.0 = Release|Any CPU
		{AA5E5D06-88C6-400B-AEE4-D2E467288E6F}.AppStore|x86.ActiveCfg = Release|x86
		{AA5E5D06-88C6-400B-AEE4-D2E467288E6F}.AppStore|x86.Build.0 = Release|x86
		{AA5E5D06-88C6-400B-AEE4-D2E467288E6F}.AppStore|x86.Deploy.0 = Release|x86
		{AA5E5D06-88C6-400B-AEE4-D2E467288E6F}.Debug|Any CPU.ActiveCfg = Debug|Any CPU
		{AA5E5D06-88C6-400B-AEE4-D2E467288E6F}.Debug|Any CPU.Build.0 = Debug|Any CPU
		{AA5E5D06-88C6-400B-AEE4-D2E467288E6F}.Debug|Any CPU.Deploy.0 = Debug|Any CPU
		{AA5E5D06-88C6-400B-AEE4-D2E467288E6F}.Debug|ARM.ActiveCfg = Debug|ARM
		{AA5E5D06-88C6-400B-AEE4-D2E467288E6F}.Debug|ARM.Build.0 = Debug|ARM
		{AA5E5D06-88C6-400B-AEE4-D2E467288E6F}.Debug|ARM.Deploy.0 = Debug|ARM
		{AA5E5D06-88C6-400B-AEE4-D2E467288E6F}.Debug|iPhone.ActiveCfg = Debug|Any CPU
		{AA5E5D06-88C6-400B-AEE4-D2E467288E6F}.Debug|iPhone.Build.0 = Debug|Any CPU
		{AA5E5D06-88C6-400B-AEE4-D2E467288E6F}.Debug|iPhone.Deploy.0 = Debug|Any CPU
		{AA5E5D06-88C6-400B-AEE4-D2E467288E6F}.Debug|iPhoneSimulator.ActiveCfg = Debug|Any CPU
		{AA5E5D06-88C6-400B-AEE4-D2E467288E6F}.Debug|iPhoneSimulator.Build.0 = Debug|Any CPU
		{AA5E5D06-88C6-400B-AEE4-D2E467288E6F}.Debug|iPhoneSimulator.Deploy.0 = Debug|Any CPU
		{AA5E5D06-88C6-400B-AEE4-D2E467288E6F}.Debug|x86.ActiveCfg = Debug|x86
		{AA5E5D06-88C6-400B-AEE4-D2E467288E6F}.Debug|x86.Build.0 = Debug|x86
		{AA5E5D06-88C6-400B-AEE4-D2E467288E6F}.Debug|x86.Deploy.0 = Debug|x86
		{AA5E5D06-88C6-400B-AEE4-D2E467288E6F}.Release|Any CPU.ActiveCfg = Release|Any CPU
		{AA5E5D06-88C6-400B-AEE4-D2E467288E6F}.Release|Any CPU.Build.0 = Release|Any CPU
		{AA5E5D06-88C6-400B-AEE4-D2E467288E6F}.Release|Any CPU.Deploy.0 = Release|Any CPU
		{AA5E5D06-88C6-400B-AEE4-D2E467288E6F}.Release|ARM.ActiveCfg = Release|ARM
		{AA5E5D06-88C6-400B-AEE4-D2E467288E6F}.Release|ARM.Build.0 = Release|ARM
		{AA5E5D06-88C6-400B-AEE4-D2E467288E6F}.Release|ARM.Deploy.0 = Release|ARM
		{AA5E5D06-88C6-400B-AEE4-D2E467288E6F}.Release|iPhone.ActiveCfg = Release|Any CPU
		{AA5E5D06-88C6-400B-AEE4-D2E467288E6F}.Release|iPhone.Build.0 = Release|Any CPU
		{AA5E5D06-88C6-400B-AEE4-D2E467288E6F}.Release|iPhone.Deploy.0 = Release|Any CPU
		{AA5E5D06-88C6-400B-AEE4-D2E467288E6F}.Release|iPhoneSimulator.ActiveCfg = Release|Any CPU
		{AA5E5D06-88C6-400B-AEE4-D2E467288E6F}.Release|iPhoneSimulator.Build.0 = Release|Any CPU
		{AA5E5D06-88C6-400B-AEE4-D2E467288E6F}.Release|iPhoneSimulator.Deploy.0 = Release|Any CPU
		{AA5E5D06-88C6-400B-AEE4-D2E467288E6F}.Release|x86.ActiveCfg = Release|x86
		{AA5E5D06-88C6-400B-AEE4-D2E467288E6F}.Release|x86.Build.0 = Release|x86
		{AA5E5D06-88C6-400B-AEE4-D2E467288E6F}.Release|x86.Deploy.0 = Release|x86
	EndGlobalSection
	GlobalSection(SolutionProperties) = preSolution
		HideSolutionNode = FALSE
	EndGlobalSection
EndGlobal
